
Microsoft Visual Studio Solution File, Format Version 12.00
# Visual Studio Version 16
VisualStudioVersion = 16.0.30804.86
MinimumVisualStudioVersion = 10.0.40219.1
Project("{9A19103F-16F7-4668-BE54-9A1E7A4F7556}") = "TEKKEN_WEB", "TEKKEN_WEB\TEKKEN_WEB.csproj", "{F99749BB-01AB-4574-95EE-7CA13E6087B0}"
EndProject
Project("{9A19103F-16F7-4668-BE54-9A1E7A4F7556}") = "RCLib", "RCLib\RCLib.csproj", "{AC6BC30A-B33B-4C4A-9861-5194C7A9C568}"
EndProject
Project("{9A19103F-16F7-4668-BE54-9A1E7A4F7556}") = "Localization", "C:\Users\zbkof\source\repos\AspNetCore.Docs\aspnetcore\fundamentals\localization\sample\3.x\Localization\Localization.csproj", "{68125E37-F9AB-4EBC-8FEC-AAE592EC0B78}"
EndProject
Project("{9A19103F-16F7-4668-BE54-9A1E7A4F7556}") = "BlazorServerSignalRApp", "BlazorServerSignalRApp\BlazorServerSignalRApp.csproj", "{C9816449-B916-40B3-9AF0-3F6FA93148C9}"
EndProject
Project("{9A19103F-16F7-4668-BE54-9A1E7A4F7556}") = "TekkenApp", "TekkenApp\TekkenApp.csproj", "{C2CA954B-EE1D-4457-9465-625F4788B3CC}"
EndProject
Project("{00D1A9C2-B5F0-4AF3-8072-F6C62B433612}") = "TekkenApp.SqlServer", "TekkenApp.SqlServer\TekkenApp.SqlServer.sqlproj", "{8A283380-D4A5-4B41-8833-CACAD2021292}"
EndProject
Project("{9A19103F-16F7-4668-BE54-9A1E7A4F7556}") = "TekkenApp.Models", "TekkenApp.Models\TekkenApp.Models.csproj", "{153464A2-D77C-40B9-AFC6-DF06336D91E4}"
EndProject
Project("{9A19103F-16F7-4668-BE54-9A1E7A4F7556}") = "TestEF", "TestEF\TestEF.csproj", "{98F87F03-32CE-4BC1-8C7C-58F5E0221149}"
EndProject
Project("{9A19103F-16F7-4668-BE54-9A1E7A4F7556}") = "ContosoUniversity", "ContosoUniversity\ContosoUniversity.csproj", "{51E219F1-48BD-47AE-9AF0-6508992DD10A}"
EndProject
Global
	GlobalSection(SolutionConfigurationPlatforms) = preSolution
		Debug|Any CPU = Debug|Any CPU
		Release|Any CPU = Release|Any CPU
	EndGlobalSection
	GlobalSection(ProjectConfigurationPlatforms) = postSolution
		{F99749BB-01AB-4574-95EE-7CA13E6087B0}.Debug|Any CPU.ActiveCfg = Debug|Any CPU
		{F99749BB-01AB-4574-95EE-7CA13E6087B0}.Debug|Any CPU.Build.0 = Debug|Any CPU
		{F99749BB-01AB-4574-95EE-7CA13E6087B0}.Release|Any CPU.ActiveCfg = Release|Any CPU
		{F99749BB-01AB-4574-95EE-7CA13E6087B0}.Release|Any CPU.Build.0 = Release|Any CPU
		{AC6BC30A-B33B-4C4A-9861-5194C7A9C568}.Debug|Any CPU.ActiveCfg = Debug|Any CPU
		{AC6BC30A-B33B-4C4A-9861-5194C7A9C568}.Debug|Any CPU.Build.0 = Debug|Any CPU
		{AC6BC30A-B33B-4C4A-9861-5194C7A9C568}.Release|Any CPU.ActiveCfg = Release|Any CPU
		{AC6BC30A-B33B-4C4A-9861-5194C7A9C568}.Release|Any CPU.Build.0 = Release|Any CPU
		{68125E37-F9AB-4EBC-8FEC-AAE592EC0B78}.Debug|Any CPU.ActiveCfg = Debug|Any CPU
		{68125E37-F9AB-4EBC-8FEC-AAE592EC0B78}.Debug|Any CPU.Build.0 = Debug|Any CPU
		{68125E37-F9AB-4EBC-8FEC-AAE592EC0B78}.Release|Any CPU.ActiveCfg = Release|Any CPU
		{68125E37-F9AB-4EBC-8FEC-AAE592EC0B78}.Release|Any CPU.Build.0 = Release|Any CPU
		{C9816449-B916-40B3-9AF0-3F6FA93148C9}.Debug|Any CPU.ActiveCfg = Debug|Any CPU
		{C9816449-B916-40B3-9AF0-3F6FA93148C9}.Debug|Any CPU.Build.0 = Debug|Any CPU
		{C9816449-B916-40B3-9AF0-3F6FA93148C9}.Release|Any CPU.ActiveCfg = Release|Any CPU
		{C9816449-B916-40B3-9AF0-3F6FA93148C9}.Release|Any CPU.Build.0 = Release|Any CPU
		{C2CA954B-EE1D-4457-9465-625F4788B3CC}.Debug|Any CPU.ActiveCfg = Debug|Any CPU
		{C2CA954B-EE1D-4457-9465-625F4788B3CC}.Debug|Any CPU.Build.0 = Debug|Any CPU
		{C2CA954B-EE1D-4457-9465-625F4788B3CC}.Release|Any CPU.ActiveCfg = Release|Any CPU
		{C2CA954B-EE1D-4457-9465-625F4788B3CC}.Release|Any CPU.Build.0 = Release|Any CPU
		{8A283380-D4A5-4B41-8833-CACAD2021292}.Debug|Any CPU.ActiveCfg = Debug|Any CPU
		{8A283380-D4A5-4B41-8833-CACAD2021292}.Debug|Any CPU.Build.0 = Debug|Any CPU
		{8A283380-D4A5-4B41-8833-CACAD2021292}.Debug|Any CPU.Deploy.0 = Debug|Any CPU
		{8A283380-D4A5-4B41-8833-CACAD2021292}.Release|Any CPU.ActiveCfg = Release|Any CPU
		{8A283380-D4A5-4B41-8833-CACAD2021292}.Release|Any CPU.Build.0 = Release|Any CPU
		{8A283380-D4A5-4B41-8833-CACAD2021292}.Release|Any CPU.Deploy.0 = Release|Any CPU
		{153464A2-D77C-40B9-AFC6-DF06336D91E4}.Debug|Any CPU.ActiveCfg = Debug|Any CPU
		{153464A2-D77C-40B9-AFC6-DF06336D91E4}.Debug|Any CPU.Build.0 = Debug|Any CPU
		{153464A2-D77C-40B9-AFC6-DF06336D91E4}.Release|Any CPU.ActiveCfg = Release|Any CPU
		{153464A2-D77C-40B9-AFC6-DF06336D91E4}.Release|Any CPU.Build.0 = Release|Any CPU
		{98F87F03-32CE-4BC1-8C7C-58F5E0221149}.Debug|Any CPU.ActiveCfg = Debug|Any CPU
		{98F87F03-32CE-4BC1-8C7C-58F5E0221149}.Debug|Any CPU.Build.0 = Debug|Any CPU
		{98F87F03-32CE-4BC1-8C7C-58F5E0221149}.Release|Any CPU.ActiveCfg = Release|Any CPU
		{98F87F03-32CE-4BC1-8C7C-58F5E0221149}.Release|Any CPU.Build.0 = Release|Any CPU
		{51E219F1-48BD-47AE-9AF0-6508992DD10A}.Debug|Any CPU.ActiveCfg = Debug|Any CPU
		{51E219F1-48BD-47AE-9AF0-6508992DD10A}.Debug|Any CPU.Build.0 = Debug|Any CPU
		{51E219F1-48BD-47AE-9AF0-6508992DD10A}.Release|Any CPU.ActiveCfg = Release|Any CPU
		{51E219F1-48BD-47AE-9AF0-6508992DD10A}.Release|Any CPU.Build.0 = Release|Any CPU
	EndGlobalSection
	GlobalSection(SolutionProperties) = preSolution
		HideSolutionNode = FALSE
	EndGlobalSection
	GlobalSection(ExtensibilityGlobals) = postSolution
		SolutionGuid = {C23AC526-7B77-4590-984A-1035D0336B1B}
	EndGlobalSection
EndGlobal
